{
  "nodes": {
    "bytes2human-master": {
      "inputs": {
        "flakeNimbleLib": [
          "flakeNimbleLib"
        ],
        "nixpkgs": [
          "nixpkgs"
        ],
        "src-bytes2human-master": "src-bytes2human-master"
      },
      "locked": {
        "dir": "master",
        "lastModified": 1662254381,
        "narHash": "sha256-waGoX1UGSwQK8tXCJdMnd8D3Cf24wWQftTtbPjkdc+o=",
        "owner": "nim-nix-pkgs",
        "repo": "bytes2human",
        "rev": "91d5ab406218fab06a3ff5b5d4c0ef2caac9fcfc",
        "type": "github"
      },
      "original": {
        "dir": "master",
        "owner": "nim-nix-pkgs",
        "ref": "master",
        "repo": "bytes2human",
        "type": "github"
      }
    },
    "flakeNimbleLib": {
      "inputs": {
        "nixpkgs": [
          "nixpkgs"
        ]
      },
      "locked": {
        "lastModified": 1662018438,
        "narHash": "sha256-QtNtU6+LX3Wokxf0zlFwKTFOcn6TeDjKQZ+DA9OYtvM=",
        "owner": "riinr",
        "repo": "nim-flakes-lib",
        "rev": "b1fe8340736e3a85d25c709ac3dfd82a55c03cbf",
        "type": "github"
      },
      "original": {
        "owner": "riinr",
        "ref": "master",
        "repo": "nim-flakes-lib",
        "type": "github"
      }
    },
    "nixpkgs": {
      "locked": {
        "lastModified": 1667110639,
        "narHash": "sha256-4FbPESZ5LbqQxkJJJBAfk/zKgF9h/4kyUwjjpJwYlbc=",
        "owner": "NixOS",
        "repo": "nixpkgs",
        "rev": "f38a1f04d1bec1feb61fd101a0539ae2002a7087",
        "type": "github"
      },
      "original": {
        "id": "nixpkgs",
        "type": "indirect"
      }
    },
    "root": {
      "inputs": {
        "bytes2human-master": "bytes2human-master",
        "flakeNimbleLib": "flakeNimbleLib",
        "nixpkgs": "nixpkgs"
      }
    },
    "src-bytes2human-master": {
      "flake": false,
      "locked": {
        "lastModified": 1613005372,
        "narHash": "sha256-KWkvMjmlQfMiTaEB+EyACXVOesNCg4mCDRef/GmQZLw=",
        "owner": "juancarlospaco",
        "repo": "nim-bytes2human",
        "rev": "ec2c1a758cabdd4751a06c8ebf2b923f19e32731",
        "type": "github"
      },
      "original": {
        "owner": "juancarlospaco",
        "ref": "refs/heads/master",
        "repo": "nim-bytes2human",
        "type": "github"
      }
    }
  },
  "root": "root",
  "version": 7
}
